// !$*UTF8*$!
{
	archiveVersion = 1;
	classes = {
	};
	objectVersion = 46;
	objects = {

/* Begin PBXBuildFile section */
		FE16337C1C518AA500C2C86E /* AppDelegate.swift in Sources */ = {isa = PBXBuildFile; fileRef = FE16337B1C518AA500C2C86E /* AppDelegate.swift */; };
		FE16337E1C518AA500C2C86E /* ViewController.swift in Sources */ = {isa = PBXBuildFile; fileRef = FE16337D1C518AA500C2C86E /* ViewController.swift */; };
		FE1633811C518AA500C2C86E /* Main.storyboard in Resources */ = {isa = PBXBuildFile; fileRef = FE16337F1C518AA500C2C86E /* Main.storyboard */; };
		FE1633831C518AA500C2C86E /* Assets.xcassets in Resources */ = {isa = PBXBuildFile; fileRef = FE1633821C518AA500C2C86E /* Assets.xcassets */; };
		FE1633861C518AA500C2C86E /* LaunchScreen.storyboard in Resources */ = {isa = PBXBuildFile; fileRef = FE1633841C518AA500C2C86E /* LaunchScreen.storyboard */; };
/* End PBXBuildFile section */

/* Begin PBXFileReference section */
		FE1633781C518AA500C2C86E /* CollectionVIewTest.app */ = {isa = PBXFileReference; explicitFileType = wrapper.application; includeInIndex = 0; path = CollectionVIewTest.app; sourceTree = BUILT_PRODUCTS_DIR; };
		FE16337B1C518AA500C2C86E /* AppDelegate.swift */ = {isa = PBXFileReference; lastKnownFileType = sourcecode.swift; path = AppDelegate.swift; sourceTree = "<group>"; };
		FE16337D1C518AA500C2C86E /* ViewController.swift */ = {isa = PBXFileReference; lastKnownFileType = sourcecode.swift; path = ViewController.swift; sourceTree = "<group>"; };
		FE1633801C518AA500C2C86E /* Base */ = {isa = PBXFileReference; lastKnownFileType = file.storyboard; name = Base; path = Base.lproj/Main.storyboard; sourceTree = "<group>"; };
		FE1633821C518AA500C2C86E /* Assets.xcassets */ = {isa = PBXFileReference; lastKnownFileType = folder.assetcatalog; path = Assets.xcassets; sourceTree = "<group>"; };
		FE1633851C518AA500C2C86E /* Base */ = {isa = PBXFileReference; lastKnownFileType = file.storyboard; name = Base; path = Base.lproj/LaunchScreen.storyboard; sourceTree = "<group>"; };
		FE1633871C518AA500C2C86E /* Info.plist */ = {isa = PBXFileReference; lastKnownFileType = text.plist.xml; path = Info.plist; sourceTree = "<group>"; };
/* End PBXFileReference section */

/* Begin PBXFrameworksBuildPhase section */
		FE1633751C518AA500C2C86E /* Frameworks */ = {
			isa = PBXFrameworksBuildPhase;
			buildActionMask = 2147483647;
			files = (
			);
			runOnlyForDeploymentPostprocessing = 0;
		};
/* End PBXFrameworksBuildPhase section */

/* Begin PBXGroup section */
		FE16336F1C518AA500C2C86E = {
			isa = PBXGroup;
			children = (
				FE16337A1C518AA500C2C86E /* CollectionVIewTest */,
				FE1633791C518AA500C2C86E /* Products */,
			);
			sourceTree = "<group>";
		};
		FE1633791C518AA500C2C86E /* Products */ = {
			isa = PBXGroup;
			children = (
				FE1633781C518AA500C2C86E /* CollectionVIewTest.app */,
			);
			name = Products;
			sourceTree = "<group>";
		};
		FE16337A1C518AA500C2C86E /* CollectionVIewTest */ = {
			isa = PBXGroup;
			children = (
				FE16337B1C518AA500C2C86E /* AppDelegate.swift */,
				FE16337D1C518AA500C2C86E /* ViewController.swift */,
				FE16337F1C518AA500C2C86E /* Main.storyboard */,
				FE1633821C518AA500C2C86E /* Assets.xcassets */,
				FE1633841C518AA500C2C86E /* LaunchScreen.storyboard */,
				FE1633871C518AA500C2C86E /* Info.plist */,
			);
			path = CollectionVIewTest;
			sourceTree = "<group>";
		};
/* End PBXGroup section */

/* Begin PBXNativeTarget section */
		FE1633771C518AA500C2C86E /* CollectionVIewTest */ = {
			isa = PBXNativeTarget;
			buildConfigurationList = FE16338A1C518AA500C2C86E /* Build configuration list for PBXNativeTarget "CollectionVIewTest" */;
			buildPhases = (
				FE1633741C518AA500C2C86E /* Sources */,
				FE1633751C518AA500C2C86E /* Frameworks */,
				FE1633761C518AA500C2C86E /* Resources */,
			);
			buildRules = (
			);
			dependencies = (
			);
			name = CollectionVIewTest;
			productName = CollectionVIewTest;
			productReference = FE1633781C518AA500C2C86E /* CollectionVIewTest.app */;
			productType = "com.apple.product-type.application";
		};
/* End PBXNativeTarget section */

/* Begin PBXProject section */
		FE1633701C518AA500C2C86E /* Project object */ = {
			isa = PBXProject;
			attributes = {
				LastSwiftUpdateCheck = 0720;
				LastUpgradeCheck = 0720;
				ORGANIZATIONNAME = "Plato Team Inc";
				TargetAttributes = {
					FE1633771C518AA500C2C86E = {
						CreatedOnToolsVersion = 7.2;
					};
				};
			};
			buildConfigurationList = FE1633731C518AA500C2C86E /* Build configuration list for PBXProject "CollectionVIewTest" */;
			compatibilityVersion = "Xcode 3.2";
			developmentRegion = English;
			hasScannedForEncodings = 0;
			knownRegions = (
				en,
				Base,
			);
			mainGroup = FE16336F1C518AA500C2C86E;
			productRefGroup = FE1633791C518AA500C2C86E /* Products */;
			projectDirPath = "";
			projectRoot = "";
			targets = (
				FE1633771C518AA500C2C86E /* CollectionVIewTest */,
			);
		};
/* End PBXProject section */

/* Begin PBXResourcesBuildPhase section */
		FE1633761C518AA500C2C86E /* Resources */ = {
			isa = PBXResourcesBuildPhase;
			buildActionMask = 2147483647;
			files = (
				FE1633861C518AA500C2C86E /* LaunchScreen.storyboard in Resources */,
				FE1633831C518AA500C2C86E /* Assets.xcassets in Resources */,
				FE1633811C518AA500C2C86E /* Main.storyboard in Resources */,
			);
			runOnlyForDeploymentPostprocessing = 0;
		};
/* End PBXResourcesBuildPhase section */

/* Begin PBXSourcesBuildPhase section */
		FE1633741C518AA500C2C86E /* Sources */ = {
			isa = PBXSourcesBuildPhase;
			buildActionMask = 2147483647;
			files = (
				FE16337E1C518AA500C2C86E /* ViewController.swift in Sources */,
				FE16337C1C518AA500C2C86E /* AppDelegate.swift in Sources */,
			);
			runOnlyForDeploymentPostprocessing = 0;
		};
/* End PBXSourcesBuildPhase section */

/* Begin PBXVariantGroup section */
		FE16337F1C518AA500C2C86E /* Main.storyboard */ = {
			isa = PBXVariantGroup;
			children = (
				FE1633801C518AA500C2C86E /* Base */,
			);
			name = Main.storyboard;
			sourceTree = "<group>";
		};
		FE1633841C518AA500C2C86E /* LaunchScreen.storyboard */ = {
			isa = PBXVariantGroup;
			children = (
				FE1633851C518AA500C2C86E /* Base */,
			);
			name = LaunchScreen.storyboard;
			sourceTree = "<group>";
		};
/* End PBXVariantGroup section */

/* Begin XCBuildConfiguration section */
		FE1633881C518AA500C2C86E /* Debug */ = {
			isa = XCBuildConfiguration;
			buildSettings = {
				ALWAYS_SEARCH_USER_PATHS = NO;
				CLANG_CXX_LANGUAGE_STANDARD = "gnu++0x";
				CLANG_CXX_LIBRARY = "libc++";
				CLANG_ENABLE_MODULES = YES;
				CLANG_ENABLE_OBJC_ARC = YES;
				CLANG_WARN_BOOL_CONVERSION = YES;
				CLANG_WARN_CONSTANT_CONVERSION = YES;
				CLANG_WARN_DIRECT_OBJC_ISA_USAGE = YES_ERROR;
				CLANG_WARN_EMPTY_BODY = YES;
				CLANG_WARN_ENUM_CONVERSION = YES;
				CLANG_WARN_INT_CONVERSION = YES;
				CLANG_WARN_OBJC_ROOT_CLASS = YES_ERROR;
				CLANG_WARN_UNREACHABLE_CODE = YES;
				CLANG_WARN__DUPLICATE_METHOD_MATCH = YES;
				"CODE_SIGN_IDENTITY[sdk=iphoneos*]" = "iPhone Developer";
				COPY_PHASE_STRIP = NO;
				DEBUG_INFORMATION_FORMAT = dwarf;
				ENABLE_STRICT_OBJC_MSGSEND = YES;
				ENABLE_TESTABILITY = YES;
				GCC_C_LANGUAGE_STANDARD = gnu99;
				GCC_DYNAMIC_NO_PIC = NO;
				GCC_NO_COMMON_BLOCKS = YES;
				GCC_OPTIMIZATION_LEVEL = 0;
				GCC_PREPROCESSOR_DEFINITIONS = (
					"DEBUG=1",
					"$(inherited)",
				);
				GCC_WARN_64_TO_32_BIT_CONVERSION = YES;
				GCC_WARN_ABOUT_RETURN_TYPE = YES_ERROR;
				GCC_WARN_UNDECLARED_SELECTOR = YES;
				GCC_WARN_UNINITIALIZED_AUTOS = YES_AGGRESSIVE;
				GCC_WARN_UNUSED_FUNCTION = YES;
				GCC_WARN_UNUSED_VARIABLE = YES;
				IPHONEOS_DEPLOYMENT_TARGET = 9.2;
				MTL_ENABLE_DEBUG_INFO = YES;
				ONLY_ACTIVE_ARCH = YES;
				SDKROOT = iphoneos;
				SWIFT_OPTIMIZATION_LEVEL = "-Onone";
			};
			name = Debug;
		};
		FE1633891C518AA500C2C86E /* Release */ = {
			isa = XCBuildConfiguration;
			buildSettings = {
				ALWAYS_SEARCH_USER_PATHS = NO;
				CLANG_CXX_LANGUAGE_STANDARD = "gnu++0x";
				CLANG_CXX_LIBRARY = "libc++";
				CLANG_ENABLE_MODULES = YES;
				CLANG_ENABLE_OBJC_ARC = YES;
				CLANG_WARN_BOOL_CONVERSION = YES;
				CLANG_WARN_CONSTANT_CONVERSION = YES;
				CLANG_WARN_DIRECT_OBJC_ISA_USAGE = YES_ERROR;
				CLANG_WARN_EMPTY_BODY = YES;
				CLANG_WARN_ENUM_CONVERSION = YES;
				CLANG_WARN_INT_CONVERSION = YES;
				CLANG_WARN_OBJC_ROOT_CLASS = YES_ERROR;
				CLANG_WARN_UNREACHABLE_CODE = YES;
				CLANG_WARN__DUPLICATE_METHOD_MATCH = YES;
				"CODE_SIGN_IDENTITY[sdk=iphoneos*]" = "iPhone Developer";
				COPY_PHASE_STRIP = NO;
				DEBUG_INFORMATION_FORMAT = "dwarf-with-dsym";
				ENABLE_NS_ASSERTIONS = NO;
				ENABLE_STRICT_OBJC_MSGSEND = YES;
				GCC_C_LANGUAGE_STANDARD = gnu99;
				GCC_NO_COMMON_BLOCKS = YES;
				GCC_WARN_64_TO_32_BIT_CONVERSION = YES;
				GCC_WARN_ABOUT_RETURN_TYPE = YES_ERROR;
				GCC_WARN_UNDECLARED_SELECTOR = YES;
				GCC_WARN_UNINITIALIZED_AUTOS = YES_AGGRESSIVE;
				GCC_WARN_UNUSED_FUNCTION = YES;
				GCC_WARN_UNUSED_VARIABLE = YES;
				IPHONEOS_DEPLOYMENT_TARGET = 9.2;
				MTL_ENABLE_DEBUG_INFO = NO;
				SDKROOT = iphoneos;
				VALIDATE_PRODUCT = YES;
			};
			name = Release;
		};
		FE16338B1C518AA500C2C86E /* Debug */ = {
			isa = XCBuildConfiguration;
			buildSettings = {
				ASSETCATALOG_COMPILER_APPICON_NAME = AppIcon;
				INFOPLIST_FILE = CollectionVIewTest/Info.plist;
				IPHONEOS_DEPLOYMENT_TARGET = 8.0;
				LD_RUNPATH_SEARCH_PATHS = "$(inherited) @executable_path/Frameworks";
				PRODUCT_BUNDLE_IDENTIFIER = com.ptapp.CollectionVIewTest;
				PRODUCT_NAME = "$(TARGET_NAME)";
			};
			name = Debug;
		};
		FE16338C1C518AA500C2C86E /* Release */ = {
			isa = XCBuildConfiguration;
			buildSettings = {
				ASSETCATALOG_COMPILER_APPICON_NAME = AppIcon;
				INFOPLIST_FILE = CollectionVIewTest/Info.plist;
				IPHONEOS_DEPLOYMENT_TARGET = 8.0;
				LD_RUNPATH_SEARCH_PATHS = "$(inherited) @executable_path/Frameworks";
				PRODUCT_BUNDLE_IDENTIFIER = com.ptapp.CollectionVIewTest;
				PRODUCT_NAME = "$(TARGET_NAME)";
			};
			name = Release;
		};
/* End XCBuildConfiguration section */

/* Begin XCConfigurationList section */
		FE1633731C518AA500C2C86E /* Build configuration list for PBXProject "CollectionVIewTest" */ = {
			isa = XCConfigurationList;
			buildConfigurations = (
				FE1633881C518AA500C2C86E /* Debug */,
				FE1633891C518AA500C2C86E /* Release */,
			);
			defaultConfigurationIsVisible = 0;
			defaultConfigurationName = Release;
		};
		FE16338A1C518AA500C2C86E /* Build configuration list for PBXNativeTarget "CollectionVIewTest" */ = {
			isa = XCConfigurationList;
			buildConfigurations = (
				FE16338B1C518AA500C2C86E /* Debug */,
				FE16338C1C518AA500C2C86E /* Release */,
			);
			defaultConfigurationIsVisible = 0;
		};
/* End XCConfigurationList section */
	};
	rootObject = FE1633701C518AA500C2C86E /* Project object */;
}
